<?xml version="1.0" encoding="utf-8"?>
<Project ToolsVersion="4.0" xmlns="http://schemas.microsoft.com/developer/msbuild/2003">
  <ItemGroup>
    <ClCompile Include="code\Main.cpp" />
    <ClCompile Include="code\EngineCore\EngineComponents\CollisionComponent.cpp">
      <Filter>EngineCore\EngineComponents</Filter>
    </ClCompile>
    <ClCompile Include="code\EngineCore\EngineComponents\MeshComponent.cpp">
      <Filter>EngineCore\EngineComponents</Filter>
    </ClCompile>
    <ClCompile Include="code\EngineCore\InputEngine\InputLib.cpp">
      <Filter>EngineCore\InputEngine</Filter>
    </ClCompile>
    <ClCompile Include="code\EngineCore\LogicEngine\Component.cpp">
      <Filter>EngineCore\LogicEngine</Filter>
    </ClCompile>
    <ClCompile Include="code\EngineCore\LogicEngine\Entity.cpp">
      <Filter>EngineCore\LogicEngine</Filter>
    </ClCompile>
    <ClCompile Include="code\EngineCore\LogicEngine\LogicEngine.cpp">
      <Filter>EngineCore\LogicEngine</Filter>
    </ClCompile>
    <ClCompile Include="code\EngineCore\LogicEngine\Mesh.cpp">
      <Filter>EngineCore\LogicEngine</Filter>
    </ClCompile>
    <ClCompile Include="code\EngineCore\LogicEngine\Object.cpp">
      <Filter>EngineCore\LogicEngine</Filter>
    </ClCompile>
    <ClCompile Include="code\EngineCore\MathLib\MathLib.cpp">
      <Filter>EngineCore\MathLib</Filter>
    </ClCompile>
    <ClCompile Include="code\EngineCore\PhysicEngine\PhysicLib.cpp">
      <Filter>EngineCore\PhysicEngine</Filter>
    </ClCompile>
    <ClCompile Include="code\EngineCore\PhysicEngine\Quad.cpp">
      <Filter>EngineCore\PhysicEngine</Filter>
    </ClCompile>
    <ClCompile Include="code\EngineCore\RenderEngine\Primitives.cpp">
      <Filter>EngineCore\RenderEngine</Filter>
    </ClCompile>
    <ClCompile Include="code\EngineCore\RenderEngine\RenderLib.cpp">
      <Filter>EngineCore\RenderEngine</Filter>
    </ClCompile>
    <ClCompile Include="code\EngineCore\RenderEngine\Viewport.cpp">
      <Filter>EngineCore\RenderEngine</Filter>
    </ClCompile>
    <ClCompile Include="code\EngineCore\Texture\Material.cpp">
      <Filter>EngineCore\Texture</Filter>
    </ClCompile>
    <ClCompile Include="code\EngineCore\Texture\Pixmap32RGBA.cpp">
      <Filter>EngineCore\Texture</Filter>
    </ClCompile>
    <ClCompile Include="code\EngineCore\Texture\Texture.cpp">
      <Filter>EngineCore\Texture</Filter>
    </ClCompile>
    <ClCompile Include="code\EngineCore\EngineCore.cpp">
      <Filter>EngineCore</Filter>
    </ClCompile>
    <ClCompile Include="code\Logic\Camera\Camera.cpp">
      <Filter>Logic\Camera</Filter>
    </ClCompile>
    <ClCompile Include="code\Logic\Scenes\Scene.cpp">
      <Filter>Logic\Scenes</Filter>
    </ClCompile>
    <ClCompile Include="code\Logic\Entities\AntFarm\AntFarm.cpp">
      <Filter>Logic\Entities\AntFarm</Filter>
    </ClCompile>
    <ClCompile Include="code\Logic\Entities\Ants\Ant.cpp">
      <Filter>Logic\Entities\Ants</Filter>
    </ClCompile>
    <ClCompile Include="code\Logic\Entities\Ants\Trail.cpp">
      <Filter>Logic\Entities\Ants</Filter>
    </ClCompile>
    <ClCompile Include="code\Logic\Entities\Ants\VisionCone.cpp">
      <Filter>Logic\Entities\Ants</Filter>
    </ClCompile>
    <ClCompile Include="code\Logic\Entities\Ants\WarriorAnt.cpp">
      <Filter>Logic\Entities\Ants</Filter>
    </ClCompile>
    <ClCompile Include="code\Logic\Entities\Ants\WorkerAnt.cpp">
      <Filter>Logic\Entities\Ants</Filter>
    </ClCompile>
    <ClCompile Include="code\Logic\Entities\Enviroment\Wall.cpp">
      <Filter>Logic\Entities\Enviroment</Filter>
    </ClCompile>
    <ClCompile Include="code\Logic\Entities\Food\Food.cpp">
      <Filter>Logic\Entities\Food</Filter>
    </ClCompile>
    <ClCompile Include="code\Logic\Entities\Geometry\Cube.cpp">
      <Filter>Logic\Entities\Geometry</Filter>
    </ClCompile>
    <ClCompile Include="code\Logic\Entities\Geometry\Cone.cpp">
      <Filter>Logic\Entities\Geometry</Filter>
    </ClCompile>
    <ClCompile Include="code\Logic\Entities\Map\Map.cpp">
      <Filter>Logic\Entities\Map</Filter>
    </ClCompile>
    <ClCompile Include="code\Logic\Entities\RGBAxis\RGBaxis.cpp">
      <Filter>Logic\Entities\RGBaxis</Filter>
    </ClCompile>
    <ClCompile Include="code\Logic\Entities\RGBAxis\RGBAxisEntity.cpp">
      <Filter>Logic\Entities\RGBaxis</Filter>
    </ClCompile>
  </ItemGroup>
  <ItemGroup>
    <ClInclude Include="code\EngineCore\EngineComponents\CollisionComponent.h">
      <Filter>EngineCore\EngineComponents</Filter>
    </ClInclude>
    <ClInclude Include="code\EngineCore\EngineComponents\MeshComponent.h">
      <Filter>EngineCore\EngineComponents</Filter>
    </ClInclude>
    <ClInclude Include="code\EngineCore\InputEngine\InputLib.h">
      <Filter>EngineCore\InputEngine</Filter>
    </ClInclude>
    <ClInclude Include="code\EngineCore\LogicEngine\Component.h">
      <Filter>EngineCore\LogicEngine</Filter>
    </ClInclude>
    <ClInclude Include="code\EngineCore\LogicEngine\Entity.h">
      <Filter>EngineCore\LogicEngine</Filter>
    </ClInclude>
    <ClInclude Include="code\EngineCore\LogicEngine\LogicEngine.h">
      <Filter>EngineCore\LogicEngine</Filter>
    </ClInclude>
    <ClInclude Include="code\EngineCore\LogicEngine\Mesh.h">
      <Filter>EngineCore\LogicEngine</Filter>
    </ClInclude>
    <ClInclude Include="code\EngineCore\LogicEngine\Object.h">
      <Filter>EngineCore\LogicEngine</Filter>
    </ClInclude>
    <ClInclude Include="code\EngineCore\MathLib\MathLib.h">
      <Filter>EngineCore\MathLib</Filter>
    </ClInclude>
    <ClInclude Include="code\EngineCore\PhysicEngine\PhysicLib.h">
      <Filter>EngineCore\PhysicEngine</Filter>
    </ClInclude>
    <ClInclude Include="code\EngineCore\PhysicEngine\Quad.h">
      <Filter>EngineCore\PhysicEngine</Filter>
    </ClInclude>
    <ClInclude Include="code\EngineCore\RenderEngine\Primitives.h">
      <Filter>EngineCore\RenderEngine</Filter>
    </ClInclude>
    <ClInclude Include="code\EngineCore\RenderEngine\RenderLib.h">
      <Filter>EngineCore\RenderEngine</Filter>
    </ClInclude>
    <ClInclude Include="code\EngineCore\RenderEngine\Viewport.h">
      <Filter>EngineCore\RenderEngine</Filter>
    </ClInclude>
    <ClInclude Include="code\EngineCore\Texture\Material.h">
      <Filter>EngineCore\Texture</Filter>
    </ClInclude>
    <ClInclude Include="code\EngineCore\Texture\Pixmap32RGBA.h">
      <Filter>EngineCore\Texture</Filter>
    </ClInclude>
    <ClInclude Include="code\EngineCore\Texture\Texture.h">
      <Filter>EngineCore\Texture</Filter>
    </ClInclude>
    <ClInclude Include="code\EngineCore\checkML.h">
      <Filter>EngineCore</Filter>
    </ClInclude>
    <ClInclude Include="code\EngineCore\EngineCore.h">
      <Filter>EngineCore</Filter>
    </ClInclude>
    <ClInclude Include="code\Logic\Camera\Camera.h">
      <Filter>Logic\Camera</Filter>
    </ClInclude>
    <ClInclude Include="code\Logic\Scenes\Scene.h">
      <Filter>Logic\Scenes</Filter>
    </ClInclude>
    <ClInclude Include="code\Logic\Entities\AntFarm\AntFarm.h">
      <Filter>Logic\Entities\AntFarm</Filter>
    </ClInclude>
    <ClInclude Include="code\Logic\Entities\Ants\Ant.h">
      <Filter>Logic\Entities\Ants</Filter>
    </ClInclude>
    <ClInclude Include="code\Logic\Entities\Ants\Trail.h">
      <Filter>Logic\Entities\Ants</Filter>
    </ClInclude>
    <ClInclude Include="code\Logic\Entities\Ants\VisionCone.h">
      <Filter>Logic\Entities\Ants</Filter>
    </ClInclude>
    <ClInclude Include="code\Logic\Entities\Ants\WarriorAnt.h">
      <Filter>Logic\Entities\Ants</Filter>
    </ClInclude>
    <ClInclude Include="code\Logic\Entities\Ants\WorkerAnt.h">
      <Filter>Logic\Entities\Ants</Filter>
    </ClInclude>
    <ClInclude Include="code\Logic\Entities\Enviroment\Wall.h">
      <Filter>Logic\Entities\Enviroment</Filter>
    </ClInclude>
    <ClInclude Include="code\Logic\Entities\Food\Food.h">
      <Filter>Logic\Entities\Food</Filter>
    </ClInclude>
    <ClInclude Include="code\Logic\Entities\Geometry\Cube.h">
      <Filter>Logic\Entities\Geometry</Filter>
    </ClInclude>
    <ClInclude Include="code\Logic\Entities\Geometry\Cone.h">
      <Filter>Logic\Entities\Geometry</Filter>
    </ClInclude>
    <ClInclude Include="code\Logic\Entities\Map\Map.h">
      <Filter>Logic\Entities\Map</Filter>
    </ClInclude>
    <ClInclude Include="code\Logic\Entities\RGBAxis\RGBaxis.h">
      <Filter>Logic\Entities\RGBaxis</Filter>
    </ClInclude>
    <ClInclude Include="code\Logic\Entities\RGBAxis\RGBAxisEntity.h">
      <Filter>Logic\Entities\RGBaxis</Filter>
    </ClInclude>
  </ItemGroup>
  <ItemGroup>
    <Filter Include="EngineCore">
      <UniqueIdentifier>{afcc6501-09d3-4f02-9dc6-76287a3c1b59}</UniqueIdentifier>
    </Filter>
    <Filter Include="Logic">
      <UniqueIdentifier>{48525615-85ec-4b71-916a-b284cfcab8fc}</UniqueIdentifier>
    </Filter>
    <Filter Include="Logic\Camera">
      <UniqueIdentifier>{6c9f2f2f-5d4d-4546-baf4-8069e64ef5be}</UniqueIdentifier>
    </Filter>
    <Filter Include="Logic\Scenes">
      <UniqueIdentifier>{ba3b423f-5f0c-4704-9cac-1e7863b1da1c}</UniqueIdentifier>
    </Filter>
    <Filter Include="EngineCore\LogicEngine">
      <UniqueIdentifier>{553d303f-e0b3-4f6b-926b-f10ccf8a9090}</UniqueIdentifier>
    </Filter>
    <Filter Include="Logic\Entities">
      <UniqueIdentifier>{4f23bf44-0efc-441d-9ce8-ea25d9c85701}</UniqueIdentifier>
    </Filter>
    <Filter Include="Logic\Entities\RGBaxis">
      <UniqueIdentifier>{64aaeda0-f3bf-477c-8ea1-9955f2a30569}</UniqueIdentifier>
    </Filter>
    <Filter Include="Logic\Entities\Ants">
      <UniqueIdentifier>{038b6ecb-6696-4626-ac89-1d0869c8fb42}</UniqueIdentifier>
    </Filter>
    <Filter Include="Logic\Entities\Enviroment">
      <UniqueIdentifier>{8533c396-1d88-416a-931a-f67f04df30fa}</UniqueIdentifier>
    </Filter>
    <Filter Include="EngineCore\PhysicEngine">
      <UniqueIdentifier>{2e4784d7-7f8e-42c0-b3f6-a7433b36b356}</UniqueIdentifier>
    </Filter>
    <Filter Include="Logic\Entities\Map">
      <UniqueIdentifier>{7ae018b5-e3b9-4f96-8e03-fb0bf11e3fda}</UniqueIdentifier>
    </Filter>
    <Filter Include="EngineCore\Texture">
      <UniqueIdentifier>{9df13ccc-2168-4a70-a842-48a6bd10425b}</UniqueIdentifier>
    </Filter>
    <Filter Include="EngineCore\EngineComponents">
      <UniqueIdentifier>{9c6e65bb-db42-487c-bc17-f2815546845f}</UniqueIdentifier>
    </Filter>
    <Filter Include="EngineCore\MathLib">
      <UniqueIdentifier>{574ca6ca-13a7-4223-aed5-11f23975dbbb}</UniqueIdentifier>
    </Filter>
    <Filter Include="Logic\Entities\Food">
      <UniqueIdentifier>{b8eb16c9-a862-4de8-8f76-8655dc5cb51d}</UniqueIdentifier>
    </Filter>
    <Filter Include="Logic\Entities\AntFarm">
      <UniqueIdentifier>{605ab330-9fc9-4a25-abe1-1cd4e1bc3e94}</UniqueIdentifier>
    </Filter>
    <Filter Include="Logic\Entities\Geometry">
      <UniqueIdentifier>{bb88aa3f-d684-4175-a9b9-7534d0e13a09}</UniqueIdentifier>
    </Filter>
    <Filter Include="EngineCore\RenderEngine">
      <UniqueIdentifier>{a6fbaf49-8991-42fb-9851-ce721189d59f}</UniqueIdentifier>
    </Filter>
    <Filter Include="EngineCore\InputEngine">
      <UniqueIdentifier>{1f5ce094-69db-47a3-a88b-37277cf0f586}</UniqueIdentifier>
    </Filter>
  </ItemGroup>
</Project>